github.com/bep/hugo-github v0.0.0-20191002153307-6ef93234ce20 h1:z6tHUxiY1zBiMd/vt505ureClc7VGWOtCIxvn3An/FE=
github.com/bep/hugo-github/repo v0.0.0-20191002153307-6ef93234ce20 h1:7pr5dr4Is3faizScJt0ymJUzwfO4G/YMxjgSx+9U9lg=
github.com/bep/hugo-github/repo v0.0.0-20191002153307-6ef93234ce20/go.mod h1:ydfIphVADdLUArCNl2uW9qEDgdSfphasksllIMk0JoE=
